
Microsoft Visual Studio Solution File, Format Version 12.00
# Visual Studio Version 17
VisualStudioVersion = 17.1.32228.430
MinimumVisualStudioVersion = 10.0.40219.1
Project("{FAE04EC0-301F-11D3-BF4B-00C04F79EFBC}") = "SharpNS", "SharpNS\SharpNS.csproj", "{2B6EFB57-32E7-454E-BE56-0F320CAE04A5}"
EndProject
Global
	GlobalSection(SolutionConfigurationPlatforms) = preSolution
		Debug|Any CPU = Debug|Any CPU
		Release|Any CPU = Release|Any CPU
	EndGlobalSection
	GlobalSection(ProjectConfigurationPlatforms) = postSolution
		{2B6EFB57-32E7-454E-BE56-0F320CAE04A5}.Debug|Any CPU.ActiveCfg = Debug|Any CPU
		{2B6EFB57-32E7-454E-BE56-0F320CAE04A5}.Debug|Any CPU.Build.0 = Debug|Any CPU
		{2B6EFB57-32E7-454E-BE56-0F320CAE04A5}.Release|Any CPU.ActiveCfg = Release|Any CPU
		{2B6EFB57-32E7-454E-BE56-0F320CAE04A5}.Release|Any CPU.Build.0 = Release|Any CPU
	EndGlobalSection
	GlobalSection(SolutionProperties) = preSolution
		HideSolutionNode = FALSE
	EndGlobalSection
	GlobalSection(ExtensibilityGlobals) = postSolution
		SolutionGuid = {A130723F-7152-4EB2-B7B6-AD82295A2AAA}
	EndGlobalSection
EndGlobal
