
Microsoft Visual Studio Solution File, Format Version 12.00
# Visual Studio Version 17
VisualStudioVersion = 17.2.32630.192
MinimumVisualStudioVersion = 10.0.40219.1
Project("{FAE04EC0-301F-11D3-BF4B-00C04F79EFBC}") = "SharpHello", "SharpHello\SharpHello.csproj", "{74717C4B-4512-49B1-91B4-789331B1786E}"
EndProject
Global
	GlobalSection(SolutionConfigurationPlatforms) = preSolution
		Debug|Any CPU = Debug|Any CPU
		Release|Any CPU = Release|Any CPU
	EndGlobalSection
	GlobalSection(ProjectConfigurationPlatforms) = postSolution
		{74717C4B-4512-49B1-91B4-789331B1786E}.Debug|Any CPU.ActiveCfg = Debug|Any CPU
		{74717C4B-4512-49B1-91B4-789331B1786E}.Debug|Any CPU.Build.0 = Debug|Any CPU
		{74717C4B-4512-49B1-91B4-789331B1786E}.Release|Any CPU.ActiveCfg = Release|Any CPU
		{74717C4B-4512-49B1-91B4-789331B1786E}.Release|Any CPU.Build.0 = Release|Any CPU
	EndGlobalSection
	GlobalSection(SolutionProperties) = preSolution
		HideSolutionNode = FALSE
	EndGlobalSection
	GlobalSection(ExtensibilityGlobals) = postSolution
		SolutionGuid = {744813AA-E430-48BF-A65E-DF73D5A7A9AC}
	EndGlobalSection
EndGlobal
