
Microsoft Visual Studio Solution File, Format Version 12.00
# Visual Studio Version 17
VisualStudioVersion = 17.8.34330.188
MinimumVisualStudioVersion = 10.0.40219.1
Project("{FAE04EC0-301F-11D3-BF4B-00C04F79EFBC}") = "Backgammon", "Backgammon\Backgammon.csproj", "{93C2A31C-0258-4951-92FE-A7A0AF88156D}"
EndProject
Project("{FAE04EC0-301F-11D3-BF4B-00C04F79EFBC}") = "BackgammonReal", "BackgammonReal\BackgammonReal.csproj", "{5EF9BEA1-E9EB-4248-A715-5DC5D8574E6C}"
EndProject
Global
	GlobalSection(SolutionConfigurationPlatforms) = preSolution
		Debug|Any CPU = Debug|Any CPU
		Release|Any CPU = Release|Any CPU
	EndGlobalSection
	GlobalSection(ProjectConfigurationPlatforms) = postSolution
		{93C2A31C-0258-4951-92FE-A7A0AF88156D}.Debug|Any CPU.ActiveCfg = Debug|Any CPU
		{93C2A31C-0258-4951-92FE-A7A0AF88156D}.Debug|Any CPU.Build.0 = Debug|Any CPU
		{93C2A31C-0258-4951-92FE-A7A0AF88156D}.Release|Any CPU.ActiveCfg = Release|Any CPU
		{93C2A31C-0258-4951-92FE-A7A0AF88156D}.Release|Any CPU.Build.0 = Release|Any CPU
		{5EF9BEA1-E9EB-4248-A715-5DC5D8574E6C}.Debug|Any CPU.ActiveCfg = Debug|Any CPU
		{5EF9BEA1-E9EB-4248-A715-5DC5D8574E6C}.Debug|Any CPU.Build.0 = Debug|Any CPU
		{5EF9BEA1-E9EB-4248-A715-5DC5D8574E6C}.Release|Any CPU.ActiveCfg = Release|Any CPU
		{5EF9BEA1-E9EB-4248-A715-5DC5D8574E6C}.Release|Any CPU.Build.0 = Release|Any CPU
	EndGlobalSection
	GlobalSection(SolutionProperties) = preSolution
		HideSolutionNode = FALSE
	EndGlobalSection
	GlobalSection(ExtensibilityGlobals) = postSolution
		SolutionGuid = {D7A71FE9-EE05-42AC-94C9-2E924CD3FE2D}
	EndGlobalSection
EndGlobal
