
Microsoft Visual Studio Solution File, Format Version 12.00
# Visual Studio Version 17
VisualStudioVersion = 17.8.34322.80
MinimumVisualStudioVersion = 10.0.40219.1
Project("{FAE04EC0-301F-11D3-BF4B-00C04F79EFBC}") = "SharpEventsArray", "SharpEventsArray\SharpEventsArray.csproj", "{1D7932E7-27A3-413E-A9D9-483B3E5C2AF0}"
EndProject
Global
	GlobalSection(SolutionConfigurationPlatforms) = preSolution
		Debug|Any CPU = Debug|Any CPU
		Release|Any CPU = Release|Any CPU
	EndGlobalSection
	GlobalSection(ProjectConfigurationPlatforms) = postSolution
		{1D7932E7-27A3-413E-A9D9-483B3E5C2AF0}.Debug|Any CPU.ActiveCfg = Debug|Any CPU
		{1D7932E7-27A3-413E-A9D9-483B3E5C2AF0}.Debug|Any CPU.Build.0 = Debug|Any CPU
		{1D7932E7-27A3-413E-A9D9-483B3E5C2AF0}.Release|Any CPU.ActiveCfg = Release|Any CPU
		{1D7932E7-27A3-413E-A9D9-483B3E5C2AF0}.Release|Any CPU.Build.0 = Release|Any CPU
	EndGlobalSection
	GlobalSection(SolutionProperties) = preSolution
		HideSolutionNode = FALSE
	EndGlobalSection
	GlobalSection(ExtensibilityGlobals) = postSolution
		SolutionGuid = {586E6330-02D0-4E33-96BA-ACCD74D930C0}
	EndGlobalSection
EndGlobal
