
Microsoft Visual Studio Solution File, Format Version 12.00
# Visual Studio Version 17
VisualStudioVersion = 17.8.34322.80
MinimumVisualStudioVersion = 10.0.40219.1
Project("{FAE04EC0-301F-11D3-BF4B-00C04F79EFBC}") = "SharpThreads2", "SharpThreads2\SharpThreads2.csproj", "{3108A52D-B587-429B-95E8-4063B92DD367}"
EndProject
Global
	GlobalSection(SolutionConfigurationPlatforms) = preSolution
		Debug|Any CPU = Debug|Any CPU
		Release|Any CPU = Release|Any CPU
	EndGlobalSection
	GlobalSection(ProjectConfigurationPlatforms) = postSolution
		{3108A52D-B587-429B-95E8-4063B92DD367}.Debug|Any CPU.ActiveCfg = Debug|Any CPU
		{3108A52D-B587-429B-95E8-4063B92DD367}.Debug|Any CPU.Build.0 = Debug|Any CPU
		{3108A52D-B587-429B-95E8-4063B92DD367}.Release|Any CPU.ActiveCfg = Release|Any CPU
		{3108A52D-B587-429B-95E8-4063B92DD367}.Release|Any CPU.Build.0 = Release|Any CPU
	EndGlobalSection
	GlobalSection(SolutionProperties) = preSolution
		HideSolutionNode = FALSE
	EndGlobalSection
	GlobalSection(ExtensibilityGlobals) = postSolution
		SolutionGuid = {E3FBFC6C-8C11-413E-814B-64431DBF97F6}
	EndGlobalSection
EndGlobal
