
Microsoft Visual Studio Solution File, Format Version 12.00
# Visual Studio Version 17
VisualStudioVersion = 17.8.34322.80
MinimumVisualStudioVersion = 10.0.40219.1
Project("{FAE04EC0-301F-11D3-BF4B-00C04F79EFBC}") = "SharpThreads", "SharpThreads\SharpThreads.csproj", "{A49BBFB7-5155-4F76-9E9E-FC8CEE7D4471}"
EndProject
Global
	GlobalSection(SolutionConfigurationPlatforms) = preSolution
		Debug|Any CPU = Debug|Any CPU
		Release|Any CPU = Release|Any CPU
	EndGlobalSection
	GlobalSection(ProjectConfigurationPlatforms) = postSolution
		{A49BBFB7-5155-4F76-9E9E-FC8CEE7D4471}.Debug|Any CPU.ActiveCfg = Debug|Any CPU
		{A49BBFB7-5155-4F76-9E9E-FC8CEE7D4471}.Debug|Any CPU.Build.0 = Debug|Any CPU
		{A49BBFB7-5155-4F76-9E9E-FC8CEE7D4471}.Release|Any CPU.ActiveCfg = Release|Any CPU
		{A49BBFB7-5155-4F76-9E9E-FC8CEE7D4471}.Release|Any CPU.Build.0 = Release|Any CPU
	EndGlobalSection
	GlobalSection(SolutionProperties) = preSolution
		HideSolutionNode = FALSE
	EndGlobalSection
	GlobalSection(ExtensibilityGlobals) = postSolution
		SolutionGuid = {F3F8EDAB-190D-42A0-8A5A-E0C02547D359}
	EndGlobalSection
EndGlobal
