
Microsoft Visual Studio Solution File, Format Version 12.00
# Visual Studio Version 17
VisualStudioVersion = 17.8.34322.80
MinimumVisualStudioVersion = 10.0.40219.1
Project("{FAE04EC0-301F-11D3-BF4B-00C04F79EFBC}") = "SharpThreadsWait", "SharpThreadsWait\SharpThreadsWait.csproj", "{73D17388-11CF-4185-AA57-34D64E8BD856}"
EndProject
Global
	GlobalSection(SolutionConfigurationPlatforms) = preSolution
		Debug|Any CPU = Debug|Any CPU
		Release|Any CPU = Release|Any CPU
	EndGlobalSection
	GlobalSection(ProjectConfigurationPlatforms) = postSolution
		{73D17388-11CF-4185-AA57-34D64E8BD856}.Debug|Any CPU.ActiveCfg = Debug|Any CPU
		{73D17388-11CF-4185-AA57-34D64E8BD856}.Debug|Any CPU.Build.0 = Debug|Any CPU
		{73D17388-11CF-4185-AA57-34D64E8BD856}.Release|Any CPU.ActiveCfg = Release|Any CPU
		{73D17388-11CF-4185-AA57-34D64E8BD856}.Release|Any CPU.Build.0 = Release|Any CPU
	EndGlobalSection
	GlobalSection(SolutionProperties) = preSolution
		HideSolutionNode = FALSE
	EndGlobalSection
	GlobalSection(ExtensibilityGlobals) = postSolution
		SolutionGuid = {7E765281-82BE-4E97-AB0F-CFA3B2F394D6}
	EndGlobalSection
EndGlobal
