
Microsoft Visual Studio Solution File, Format Version 12.00
# Visual Studio Version 17
VisualStudioVersion = 17.2.32630.192
MinimumVisualStudioVersion = 10.0.40219.1
Project("{FAE04EC0-301F-11D3-BF4B-00C04F79EFBC}") = "SharpClass", "SharpClass\SharpClass.csproj", "{C89C23EB-565B-4F4D-91EB-A785FB0CDC6B}"
EndProject
Global
	GlobalSection(SolutionConfigurationPlatforms) = preSolution
		Debug|Any CPU = Debug|Any CPU
		Release|Any CPU = Release|Any CPU
	EndGlobalSection
	GlobalSection(ProjectConfigurationPlatforms) = postSolution
		{C89C23EB-565B-4F4D-91EB-A785FB0CDC6B}.Debug|Any CPU.ActiveCfg = Debug|Any CPU
		{C89C23EB-565B-4F4D-91EB-A785FB0CDC6B}.Debug|Any CPU.Build.0 = Debug|Any CPU
		{C89C23EB-565B-4F4D-91EB-A785FB0CDC6B}.Release|Any CPU.ActiveCfg = Release|Any CPU
		{C89C23EB-565B-4F4D-91EB-A785FB0CDC6B}.Release|Any CPU.Build.0 = Release|Any CPU
	EndGlobalSection
	GlobalSection(SolutionProperties) = preSolution
		HideSolutionNode = FALSE
	EndGlobalSection
	GlobalSection(ExtensibilityGlobals) = postSolution
		SolutionGuid = {34E02C69-080E-437D-8809-208F963A575E}
	EndGlobalSection
EndGlobal
