
Microsoft Visual Studio Solution File, Format Version 12.00
# Visual Studio Version 17
VisualStudioVersion = 17.8.34322.80
MinimumVisualStudioVersion = 10.0.40219.1
Project("{FAE04EC0-301F-11D3-BF4B-00C04F79EFBC}") = "101", "101\101.csproj", "{F240EBED-375A-458C-BC12-2716A60D1AFE}"
EndProject
Global
	GlobalSection(SolutionConfigurationPlatforms) = preSolution
		Debug|Any CPU = Debug|Any CPU
		Release|Any CPU = Release|Any CPU
	EndGlobalSection
	GlobalSection(ProjectConfigurationPlatforms) = postSolution
		{F240EBED-375A-458C-BC12-2716A60D1AFE}.Debug|Any CPU.ActiveCfg = Debug|Any CPU
		{F240EBED-375A-458C-BC12-2716A60D1AFE}.Debug|Any CPU.Build.0 = Debug|Any CPU
		{F240EBED-375A-458C-BC12-2716A60D1AFE}.Release|Any CPU.ActiveCfg = Release|Any CPU
		{F240EBED-375A-458C-BC12-2716A60D1AFE}.Release|Any CPU.Build.0 = Release|Any CPU
	EndGlobalSection
	GlobalSection(SolutionProperties) = preSolution
		HideSolutionNode = FALSE
	EndGlobalSection
	GlobalSection(ExtensibilityGlobals) = postSolution
		SolutionGuid = {A3039121-D9CB-43CC-BF9F-6F23FAA22BE1}
	EndGlobalSection
EndGlobal
